
Microsoft Visual Studio Solution File, Format Version 12.00
Project("{FAE04EC0-301F-11D3-BF4B-00C04F79EFBC}") = "Mission06_Gardner", "Mission06_Gardner\Mission06_Gardner.csproj", "{C98F9946-A3D3-4A91-930A-E707DF21067C}"
EndProject
Global
	GlobalSection(SolutionConfigurationPlatforms) = preSolution
		Debug|Any CPU = Debug|Any CPU
		Release|Any CPU = Release|Any CPU
	EndGlobalSection
	GlobalSection(ProjectConfigurationPlatforms) = postSolution
		{C98F9946-A3D3-4A91-930A-E707DF21067C}.Debug|Any CPU.ActiveCfg = Debug|Any CPU
		{C98F9946-A3D3-4A91-930A-E707DF21067C}.Debug|Any CPU.Build.0 = Debug|Any CPU
		{C98F9946-A3D3-4A91-930A-E707DF21067C}.Release|Any CPU.ActiveCfg = Release|Any CPU
		{C98F9946-A3D3-4A91-930A-E707DF21067C}.Release|Any CPU.Build.0 = Release|Any CPU
	EndGlobalSection
EndGlobal
